{
  "name": "websites",
  "lockfileVersion": 2,
  "requires": true,
  "packages": {
    "": {
      "dependencies": {
        "@daedalus-discord/webkit": "^0.0.50"
      }
    },
    "node_modules/@daedalus-discord/webkit": {
      "version": "0.0.50",
      "resolved": "https://registry.npmjs.org/@daedalus-discord/webkit/-/webkit-0.0.50.tgz",
      "integrity": "sha512-QUEQAl5K1yDRr9UsqCzcm8qDpi7QNck7Ur1vCmpwnGJMhvaennSFInKspZjFSTiCvqeT3qqwtzLSO+GJ0Wz2jA==",
      "dependencies": {
        "svelte": "^3.54.0"
      }
    },
    "node_modules/svelte": {
      "version": "3.55.1",
      "resolved": "https://registry.npmjs.org/svelte/-/svelte-3.55.1.tgz",
      "integrity": "sha512-S+87/P0Ve67HxKkEV23iCdAh/SX1xiSfjF1HOglno/YTbSTW7RniICMCofWGdJJbdjw3S+0PfFb1JtGfTXE0oQ==",
      "engines": {
        "node": ">= 8"
      }
    }
  },
  "dependencies": {
    "@daedalus-discord/webkit": {
      "version": "0.0.50",
      "resolved": "https://registry.npmjs.org/@daedalus-discord/webkit/-/webkit-0.0.50.tgz",
      "integrity": "sha512-QUEQAl5K1yDRr9UsqCzcm8qDpi7QNck7Ur1vCmpwnGJMhvaennSFInKspZjFSTiCvqeT3qqwtzLSO+GJ0Wz2jA==",
      "requires": {
        "svelte": "^3.54.0"
      }
    },
    "svelte": {
      "version": "3.55.1",
      "resolved": "https://registry.npmjs.org/svelte/-/svelte-3.55.1.tgz",
      "integrity": "sha512-S+87/P0Ve67HxKkEV23iCdAh/SX1xiSfjF1HOglno/YTbSTW7RniICMCofWGdJJbdjw3S+0PfFb1JtGfTXE0oQ=="
    }
  }
}
