{
  "name": "websites",
  "lockfileVersion": 2,
  "requires": true,
  "packages": {
    "": {
      "dependencies": {
        "@daedalus-discord/webkit": "^0.0.50",
        "wcag-contrast": "^3.0.0"
      },
      "devDependencies": {
        "@types/dompurify": "^3.0.0",
        "@types/marked": "^4.0.8",
        "@types/wcag-contrast": "^3.0.0"
      }
    },
    "node_modules/@daedalus-discord/webkit": {
      "version": "0.0.50",
      "resolved": "https://registry.npmjs.org/@daedalus-discord/webkit/-/webkit-0.0.50.tgz",
      "integrity": "sha512-QUEQAl5K1yDRr9UsqCzcm8qDpi7QNck7Ur1vCmpwnGJMhvaennSFInKspZjFSTiCvqeT3qqwtzLSO+GJ0Wz2jA==",
      "dependencies": {
        "svelte": "^3.54.0"
      }
    },
    "node_modules/@types/dompurify": {
      "version": "3.0.0",
      "resolved": "https://registry.npmjs.org/@types/dompurify/-/dompurify-3.0.0.tgz",
      "integrity": "sha512-EcSqmgm/xJwH8CcJPy9AHNypp/j58CYga3nWdl93/wLxX6OH+rSD3aAj75NQazcZd1YKHJ/pjNZ9qmgVajggwQ==",
      "dev": true,
      "dependencies": {
        "@types/trusted-types": "*"
      }
    },
    "node_modules/@types/marked": {
      "version": "4.0.8",
      "resolved": "https://registry.npmjs.org/@types/marked/-/marked-4.0.8.tgz",
      "integrity": "sha512-HVNzMT5QlWCOdeuBsgXP8EZzKUf0+AXzN+sLmjvaB3ZlLqO+e4u0uXrdw9ub69wBKFs+c6/pA4r9sy6cCDvImw==",
      "dev": true
    },
    "node_modules/@types/trusted-types": {
      "version": "2.0.3",
      "resolved": "https://registry.npmjs.org/@types/trusted-types/-/trusted-types-2.0.3.tgz",
      "integrity": "sha512-NfQ4gyz38SL8sDNrSixxU2Os1a5xcdFxipAFxYEuLUlvU2uDwS4NUpsImcf1//SlWItCVMMLiylsxbmNMToV/g==",
      "dev": true
    },
    "node_modules/@types/wcag-contrast": {
      "version": "3.0.0",
      "resolved": "https://registry.npmjs.org/@types/wcag-contrast/-/wcag-contrast-3.0.0.tgz",
      "integrity": "sha512-RDinJW4P1bg+dWA6C0/looxA0zyi24gIDHrewzFW/xyU2v97D38KRzXdxMbiVpqovrjTa/xsX8abj3/hpASklg==",
      "dev": true
    },
    "node_modules/esm": {
      "version": "3.2.25",
      "resolved": "https://registry.npmjs.org/esm/-/esm-3.2.25.tgz",
      "integrity": "sha512-U1suiZ2oDVWv4zPO56S0NcR5QriEahGtdN2OR6FiOG4WJvcjBVFB0qI4+eKoWFH483PKGuLuu6V8Z4T5g63UVA==",
      "engines": {
        "node": ">=6"
      }
    },
    "node_modules/relative-luminance": {
      "version": "2.0.1",
      "resolved": "https://registry.npmjs.org/relative-luminance/-/relative-luminance-2.0.1.tgz",
      "integrity": "sha512-wFuITNthJilFPwkK7gNJcULxXBcfFZvZORsvdvxeOdO44wCeZnuQkf3nFFzOR/dpJNxYsdRZJLsepWbyKhnMww==",
      "dependencies": {
        "esm": "^3.0.84"
      }
    },
    "node_modules/svelte": {
      "version": "3.55.1",
      "resolved": "https://registry.npmjs.org/svelte/-/svelte-3.55.1.tgz",
      "integrity": "sha512-S+87/P0Ve67HxKkEV23iCdAh/SX1xiSfjF1HOglno/YTbSTW7RniICMCofWGdJJbdjw3S+0PfFb1JtGfTXE0oQ==",
      "engines": {
        "node": ">= 8"
      }
    },
    "node_modules/wcag-contrast": {
      "version": "3.0.0",
      "resolved": "https://registry.npmjs.org/wcag-contrast/-/wcag-contrast-3.0.0.tgz",
      "integrity": "sha512-RWbpg/S7FOXDCwqC2oFhN/vh8dHzj0OS6dpyOSDHyQFSmqmR+lAUStV/ziTT1GzDqL9wol+nZQB4vCi5yEak+w==",
      "dependencies": {
        "relative-luminance": "^2.0.0"
      }
    }
  },
  "dependencies": {
    "@daedalus-discord/webkit": {
      "version": "0.0.50",
      "resolved": "https://registry.npmjs.org/@daedalus-discord/webkit/-/webkit-0.0.50.tgz",
      "integrity": "sha512-QUEQAl5K1yDRr9UsqCzcm8qDpi7QNck7Ur1vCmpwnGJMhvaennSFInKspZjFSTiCvqeT3qqwtzLSO+GJ0Wz2jA==",
      "requires": {
        "svelte": "^3.54.0"
      }
    },
    "@types/dompurify": {
      "version": "3.0.0",
      "resolved": "https://registry.npmjs.org/@types/dompurify/-/dompurify-3.0.0.tgz",
      "integrity": "sha512-EcSqmgm/xJwH8CcJPy9AHNypp/j58CYga3nWdl93/wLxX6OH+rSD3aAj75NQazcZd1YKHJ/pjNZ9qmgVajggwQ==",
      "dev": true,
      "requires": {
        "@types/trusted-types": "*"
      }
    },
    "@types/marked": {
      "version": "4.0.8",
      "resolved": "https://registry.npmjs.org/@types/marked/-/marked-4.0.8.tgz",
      "integrity": "sha512-HVNzMT5QlWCOdeuBsgXP8EZzKUf0+AXzN+sLmjvaB3ZlLqO+e4u0uXrdw9ub69wBKFs+c6/pA4r9sy6cCDvImw==",
      "dev": true
    },
    "@types/trusted-types": {
      "version": "2.0.3",
      "resolved": "https://registry.npmjs.org/@types/trusted-types/-/trusted-types-2.0.3.tgz",
      "integrity": "sha512-NfQ4gyz38SL8sDNrSixxU2Os1a5xcdFxipAFxYEuLUlvU2uDwS4NUpsImcf1//SlWItCVMMLiylsxbmNMToV/g==",
      "dev": true
    },
    "@types/wcag-contrast": {
      "version": "3.0.0",
      "resolved": "https://registry.npmjs.org/@types/wcag-contrast/-/wcag-contrast-3.0.0.tgz",
      "integrity": "sha512-RDinJW4P1bg+dWA6C0/looxA0zyi24gIDHrewzFW/xyU2v97D38KRzXdxMbiVpqovrjTa/xsX8abj3/hpASklg==",
      "dev": true
    },
    "esm": {
      "version": "3.2.25",
      "resolved": "https://registry.npmjs.org/esm/-/esm-3.2.25.tgz",
      "integrity": "sha512-U1suiZ2oDVWv4zPO56S0NcR5QriEahGtdN2OR6FiOG4WJvcjBVFB0qI4+eKoWFH483PKGuLuu6V8Z4T5g63UVA=="
    },
    "relative-luminance": {
      "version": "2.0.1",
      "resolved": "https://registry.npmjs.org/relative-luminance/-/relative-luminance-2.0.1.tgz",
      "integrity": "sha512-wFuITNthJilFPwkK7gNJcULxXBcfFZvZORsvdvxeOdO44wCeZnuQkf3nFFzOR/dpJNxYsdRZJLsepWbyKhnMww==",
      "requires": {
        "esm": "^3.0.84"
      }
    },
    "svelte": {
      "version": "3.55.1",
      "resolved": "https://registry.npmjs.org/svelte/-/svelte-3.55.1.tgz",
      "integrity": "sha512-S+87/P0Ve67HxKkEV23iCdAh/SX1xiSfjF1HOglno/YTbSTW7RniICMCofWGdJJbdjw3S+0PfFb1JtGfTXE0oQ=="
    },
    "wcag-contrast": {
      "version": "3.0.0",
      "resolved": "https://registry.npmjs.org/wcag-contrast/-/wcag-contrast-3.0.0.tgz",
      "integrity": "sha512-RWbpg/S7FOXDCwqC2oFhN/vh8dHzj0OS6dpyOSDHyQFSmqmR+lAUStV/ziTT1GzDqL9wol+nZQB4vCi5yEak+w==",
      "requires": {
        "relative-luminance": "^2.0.0"
      }
    }
  }
}
