{
  "name": "tcn",
  "lockfileVersion": 2,
  "requires": true,
  "packages": {
    "": {
      "dependencies": {
        "@fastify/cors": "^8.1.0"
      }
    },
    "node_modules/@fastify/cors": {
      "version": "8.1.0",
      "resolved": "https://registry.npmjs.org/@fastify/cors/-/cors-8.1.0.tgz",
      "integrity": "sha512-1OmjwyxQZ8GePxa5t1Rpsn2qS56+1ouKMvZufpgJWhXtoCeM/ffA+PsNW8pyslPr4W0E27gVoFqtvHwhXW1U2w==",
      "dependencies": {
        "fastify-plugin": "^4.0.0",
        "mnemonist": "0.39.2"
      }
    },
    "node_modules/fastify-plugin": {
      "version": "4.2.1",
      "resolved": "https://registry.npmjs.org/fastify-plugin/-/fastify-plugin-4.2.1.tgz",
      "integrity": "sha512-dlGKiwLzRBKkEf5J5ho0uAD/Jdv8GQVUbriB3tAX3ehRUXE4gTV3lRd5inEg9li1aLzb0EGj8y2K4/8g1TN06g=="
    },
    "node_modules/mnemonist": {
      "version": "0.39.2",
      "resolved": "https://registry.npmjs.org/mnemonist/-/mnemonist-0.39.2.tgz",
      "integrity": "sha512-n3ZCEosuMH03DVivZ9N0fcXPWiZrBLEdfSlEJ+S/mJxmk3zuo1ur0dj9URDczFyP1VS3wfiyKzqLLDXoPJ6rPA==",
      "dependencies": {
        "obliterator": "^2.0.1"
      }
    },
    "node_modules/obliterator": {
      "version": "2.0.4",
      "resolved": "https://registry.npmjs.org/obliterator/-/obliterator-2.0.4.tgz",
      "integrity": "sha512-lgHwxlxV1qIg1Eap7LgIeoBWIMFibOjbrYPIPJZcI1mmGAI2m3lNYpK12Y+GBdPQ0U1hRwSord7GIaawz962qQ=="
    }
  },
  "dependencies": {
    "@fastify/cors": {
      "version": "8.1.0",
      "resolved": "https://registry.npmjs.org/@fastify/cors/-/cors-8.1.0.tgz",
      "integrity": "sha512-1OmjwyxQZ8GePxa5t1Rpsn2qS56+1ouKMvZufpgJWhXtoCeM/ffA+PsNW8pyslPr4W0E27gVoFqtvHwhXW1U2w==",
      "requires": {
        "fastify-plugin": "^4.0.0",
        "mnemonist": "0.39.2"
      }
    },
    "fastify-plugin": {
      "version": "4.2.1",
      "resolved": "https://registry.npmjs.org/fastify-plugin/-/fastify-plugin-4.2.1.tgz",
      "integrity": "sha512-dlGKiwLzRBKkEf5J5ho0uAD/Jdv8GQVUbriB3tAX3ehRUXE4gTV3lRd5inEg9li1aLzb0EGj8y2K4/8g1TN06g=="
    },
    "mnemonist": {
      "version": "0.39.2",
      "resolved": "https://registry.npmjs.org/mnemonist/-/mnemonist-0.39.2.tgz",
      "integrity": "sha512-n3ZCEosuMH03DVivZ9N0fcXPWiZrBLEdfSlEJ+S/mJxmk3zuo1ur0dj9URDczFyP1VS3wfiyKzqLLDXoPJ6rPA==",
      "requires": {
        "obliterator": "^2.0.1"
      }
    },
    "obliterator": {
      "version": "2.0.4",
      "resolved": "https://registry.npmjs.org/obliterator/-/obliterator-2.0.4.tgz",
      "integrity": "sha512-lgHwxlxV1qIg1Eap7LgIeoBWIMFibOjbrYPIPJZcI1mmGAI2m3lNYpK12Y+GBdPQ0U1hRwSord7GIaawz962qQ=="
    }
  }
}
